
Microsoft Visual Studio Solution File, Format Version 12.00
# Visual Studio Version 16
VisualStudioVersion = 16.0.29806.167
MinimumVisualStudioVersion = 10.0.40219.1
Project("{9A19103F-16F7-4668-BE54-9A1E7A4F7556}") = "PruebaSwagger", "PruebaSwagger\PruebaSwagger.csproj", "{F268E008-3A8C-427A-B28A-7447797021CE}"
EndProject
Project("{9A19103F-16F7-4668-BE54-9A1E7A4F7556}") = "PruebaSwagger.Models", "PruebaSwagger.Models\PruebaSwagger.Models.csproj", "{152457F6-327B-4D6B-B4D2-157E9D7329C7}"
EndProject
Project("{FAE04EC0-301F-11D3-BF4B-00C04F79EFBC}") = "PruebaSwagger.Business", "PruebaSwagger.Business\PruebaSwagger.Business.csproj", "{C8BE2BCA-5107-46E5-86C9-3F347CA25C05}"
EndProject
Project("{FAE04EC0-301F-11D3-BF4B-00C04F79EFBC}") = "PruebaSwagger.Integraciones", "PruebaSwagger.Integraciones\PruebaSwagger.Integraciones.csproj", "{244EA04A-8A28-4E0B-87EA-06C87608303E}"
EndProject
Project("{FAE04EC0-301F-11D3-BF4B-00C04F79EFBC}") = "PruebaSwagger.Common", "PruebaSwagger.Common\PruebaSwagger.Common.csproj", "{DBBE325C-4B97-4AFA-814B-2892785A0BF2}"
EndProject
Global
	GlobalSection(SolutionConfigurationPlatforms) = preSolution
		Debug|Any CPU = Debug|Any CPU
		Release|Any CPU = Release|Any CPU
	EndGlobalSection
	GlobalSection(ProjectConfigurationPlatforms) = postSolution
		{F268E008-3A8C-427A-B28A-7447797021CE}.Debug|Any CPU.ActiveCfg = Debug|Any CPU
		{F268E008-3A8C-427A-B28A-7447797021CE}.Debug|Any CPU.Build.0 = Debug|Any CPU
		{F268E008-3A8C-427A-B28A-7447797021CE}.Release|Any CPU.ActiveCfg = Release|Any CPU
		{F268E008-3A8C-427A-B28A-7447797021CE}.Release|Any CPU.Build.0 = Release|Any CPU
		{152457F6-327B-4D6B-B4D2-157E9D7329C7}.Debug|Any CPU.ActiveCfg = Debug|Any CPU
		{152457F6-327B-4D6B-B4D2-157E9D7329C7}.Debug|Any CPU.Build.0 = Debug|Any CPU
		{152457F6-327B-4D6B-B4D2-157E9D7329C7}.Release|Any CPU.ActiveCfg = Release|Any CPU
		{152457F6-327B-4D6B-B4D2-157E9D7329C7}.Release|Any CPU.Build.0 = Release|Any CPU
		{C8BE2BCA-5107-46E5-86C9-3F347CA25C05}.Debug|Any CPU.ActiveCfg = Debug|Any CPU
		{C8BE2BCA-5107-46E5-86C9-3F347CA25C05}.Debug|Any CPU.Build.0 = Debug|Any CPU
		{C8BE2BCA-5107-46E5-86C9-3F347CA25C05}.Release|Any CPU.ActiveCfg = Release|Any CPU
		{C8BE2BCA-5107-46E5-86C9-3F347CA25C05}.Release|Any CPU.Build.0 = Release|Any CPU
		{244EA04A-8A28-4E0B-87EA-06C87608303E}.Debug|Any CPU.ActiveCfg = Debug|Any CPU
		{244EA04A-8A28-4E0B-87EA-06C87608303E}.Debug|Any CPU.Build.0 = Debug|Any CPU
		{244EA04A-8A28-4E0B-87EA-06C87608303E}.Release|Any CPU.ActiveCfg = Release|Any CPU
		{244EA04A-8A28-4E0B-87EA-06C87608303E}.Release|Any CPU.Build.0 = Release|Any CPU
		{DBBE325C-4B97-4AFA-814B-2892785A0BF2}.Debug|Any CPU.ActiveCfg = Debug|Any CPU
		{DBBE325C-4B97-4AFA-814B-2892785A0BF2}.Debug|Any CPU.Build.0 = Debug|Any CPU
		{DBBE325C-4B97-4AFA-814B-2892785A0BF2}.Release|Any CPU.ActiveCfg = Release|Any CPU
		{DBBE325C-4B97-4AFA-814B-2892785A0BF2}.Release|Any CPU.Build.0 = Release|Any CPU
	EndGlobalSection
	GlobalSection(SolutionProperties) = preSolution
		HideSolutionNode = FALSE
	EndGlobalSection
	GlobalSection(ExtensibilityGlobals) = postSolution
		SolutionGuid = {29704CE8-3D08-4975-BB8C-60FC0A233B5A}
	EndGlobalSection
EndGlobal
